
Microsoft Visual Studio Solution File, Format Version 12.00
# Visual Studio Version 17
VisualStudioVersion = 17.11.35208.52
MinimumVisualStudioVersion = 10.0.40219.1
Project("{FAE04EC0-301F-11D3-BF4B-00C04F79EFBC}") = "EscolaFacil", "EscolaFacil\EscolaFacil.csproj", "{34515377-FC2B-4543-B1F2-B631BD8002A8}"
EndProject
Global
	GlobalSection(SolutionConfigurationPlatforms) = preSolution
		Debug|Any CPU = Debug|Any CPU
		Release|Any CPU = Release|Any CPU
	EndGlobalSection
	GlobalSection(ProjectConfigurationPlatforms) = postSolution
		{34515377-FC2B-4543-B1F2-B631BD8002A8}.Debug|Any CPU.ActiveCfg = Debug|Any CPU
		{34515377-FC2B-4543-B1F2-B631BD8002A8}.Debug|Any CPU.Build.0 = Debug|Any CPU
		{34515377-FC2B-4543-B1F2-B631BD8002A8}.Release|Any CPU.ActiveCfg = Release|Any CPU
		{34515377-FC2B-4543-B1F2-B631BD8002A8}.Release|Any CPU.Build.0 = Release|Any CPU
	EndGlobalSection
	GlobalSection(SolutionProperties) = preSolution
		HideSolutionNode = FALSE
	EndGlobalSection
	GlobalSection(ExtensibilityGlobals) = postSolution
		SolutionGuid = {CFA96F2E-36FB-42D8-865B-A5739A6934F7}
	EndGlobalSection
EndGlobal
